// !$*UTF8*$!
{
	archiveVersion = 1;
	classes = {
	};
	objectVersion = 50;
	objects = {

/* Begin PBXBuildFile section */
		3CFF043425A04C3E0068FCE3 /* AppDelegate.swift in Sources */ = {isa = PBXBuildFile; fileRef = 3CFF043325A04C3E0068FCE3 /* AppDelegate.swift */; };
		3CFF043625A04C3E0068FCE3 /* ViewController.swift in Sources */ = {isa = PBXBuildFile; fileRef = 3CFF043525A04C3E0068FCE3 /* ViewController.swift */; };
		3CFF043825A04C3F0068FCE3 /* Assets.xcassets in Resources */ = {isa = PBXBuildFile; fileRef = 3CFF043725A04C3F0068FCE3 /* Assets.xcassets */; };
		3CFF043B25A04C3F0068FCE3 /* Main.storyboard in Resources */ = {isa = PBXBuildFile; fileRef = 3CFF043925A04C3F0068FCE3 /* Main.storyboard */; };
		3CFF044525A04CA30068FCE3 /* Shader.metal in Sources */ = {isa = PBXBuildFile; fileRef = 3CFF044425A04CA30068FCE3 /* Shader.metal */; };
		3CFF044C25A0697F0068FCE3 /* Test.m in Sources */ = {isa = PBXBuildFile; fileRef = 3CFF044B25A0697F0068FCE3 /* Test.m */; };
/* End PBXBuildFile section */

/* Begin PBXFileReference section */
		3CFF043025A04C3E0068FCE3 /* MetalComputerDemo.app */ = {isa = PBXFileReference; explicitFileType = wrapper.application; includeInIndex = 0; path = MetalComputerDemo.app; sourceTree = BUILT_PRODUCTS_DIR; };
		3CFF043325A04C3E0068FCE3 /* AppDelegate.swift */ = {isa = PBXFileReference; lastKnownFileType = sourcecode.swift; path = AppDelegate.swift; sourceTree = "<group>"; };
		3CFF043525A04C3E0068FCE3 /* ViewController.swift */ = {isa = PBXFileReference; lastKnownFileType = sourcecode.swift; path = ViewController.swift; sourceTree = "<group>"; };
		3CFF043725A04C3F0068FCE3 /* Assets.xcassets */ = {isa = PBXFileReference; lastKnownFileType = folder.assetcatalog; path = Assets.xcassets; sourceTree = "<group>"; };
		3CFF043A25A04C3F0068FCE3 /* Base */ = {isa = PBXFileReference; lastKnownFileType = file.storyboard; name = Base; path = Base.lproj/Main.storyboard; sourceTree = "<group>"; };
		3CFF043C25A04C3F0068FCE3 /* Info.plist */ = {isa = PBXFileReference; lastKnownFileType = text.plist.xml; path = Info.plist; sourceTree = "<group>"; };
		3CFF043D25A04C3F0068FCE3 /* MetalComputerDemo.entitlements */ = {isa = PBXFileReference; lastKnownFileType = text.plist.entitlements; path = MetalComputerDemo.entitlements; sourceTree = "<group>"; };
		3CFF044425A04CA30068FCE3 /* Shader.metal */ = {isa = PBXFileReference; lastKnownFileType = sourcecode.metal; path = Shader.metal; sourceTree = "<group>"; };
		3CFF044725A068910068FCE3 /* ShaderType.h */ = {isa = PBXFileReference; lastKnownFileType = sourcecode.c.h; path = ShaderType.h; sourceTree = "<group>"; };
		3CFF044925A0697F0068FCE3 /* MetalComputerDemo-Bridging-Header.h */ = {isa = PBXFileReference; lastKnownFileType = sourcecode.c.h; path = "MetalComputerDemo-Bridging-Header.h"; sourceTree = "<group>"; };
		3CFF044A25A0697F0068FCE3 /* Test.h */ = {isa = PBXFileReference; lastKnownFileType = sourcecode.c.h; path = Test.h; sourceTree = "<group>"; };
		3CFF044B25A0697F0068FCE3 /* Test.m */ = {isa = PBXFileReference; lastKnownFileType = sourcecode.c.objc; path = Test.m; sourceTree = "<group>"; };
/* End PBXFileReference section */

/* Begin PBXFrameworksBuildPhase section */
		3CFF042D25A04C3E0068FCE3 /* Frameworks */ = {
			isa = PBXFrameworksBuildPhase;
			buildActionMask = 2147483647;
			files = (
			);
			runOnlyForDeploymentPostprocessing = 0;
		};
/* End PBXFrameworksBuildPhase section */

/* Begin PBXGroup section */
		3CFF042725A04C3E0068FCE3 = {
			isa = PBXGroup;
			children = (
				3CFF043225A04C3E0068FCE3 /* MetalComputerDemo */,
				3CFF043125A04C3E0068FCE3 /* Products */,
			);
			sourceTree = "<group>";
		};
		3CFF043125A04C3E0068FCE3 /* Products */ = {
			isa = PBXGroup;
			children = (
				3CFF043025A04C3E0068FCE3 /* MetalComputerDemo.app */,
			);
			name = Products;
			sourceTree = "<group>";
		};
		3CFF043225A04C3E0068FCE3 /* MetalComputerDemo */ = {
			isa = PBXGroup;
			children = (
				3CFF043325A04C3E0068FCE3 /* AppDelegate.swift */,
				3CFF043525A04C3E0068FCE3 /* ViewController.swift */,
				3CFF044425A04CA30068FCE3 /* Shader.metal */,
				3CFF044A25A0697F0068FCE3 /* Test.h */,
				3CFF044B25A0697F0068FCE3 /* Test.m */,
				3CFF044725A068910068FCE3 /* ShaderType.h */,
				3CFF043725A04C3F0068FCE3 /* Assets.xcassets */,
				3CFF043925A04C3F0068FCE3 /* Main.storyboard */,
				3CFF043C25A04C3F0068FCE3 /* Info.plist */,
				3CFF043D25A04C3F0068FCE3 /* MetalComputerDemo.entitlements */,
				3CFF044925A0697F0068FCE3 /* MetalComputerDemo-Bridging-Header.h */,
			);
			path = MetalComputerDemo;
			sourceTree = "<group>";
		};
/* End PBXGroup section */

/* Begin PBXNativeTarget section */
		3CFF042F25A04C3E0068FCE3 /* MetalComputerDemo */ = {
			isa = PBXNativeTarget;
			buildConfigurationList = 3CFF044025A04C3F0068FCE3 /* Build configuration list for PBXNativeTarget "MetalComputerDemo" */;
			buildPhases = (
				3CFF042C25A04C3E0068FCE3 /* Sources */,
				3CFF042D25A04C3E0068FCE3 /* Frameworks */,
				3CFF042E25A04C3E0068FCE3 /* Resources */,
			);
			buildRules = (
			);
			dependencies = (
			);
			name = MetalComputerDemo;
			productName = MetalComputerDemo;
			productReference = 3CFF043025A04C3E0068FCE3 /* MetalComputerDemo.app */;
			productType = "com.apple.product-type.application";
		};
/* End PBXNativeTarget section */

/* Begin PBXProject section */
		3CFF042825A04C3E0068FCE3 /* Project object */ = {
			isa = PBXProject;
			attributes = {
				LastSwiftUpdateCheck = 1220;
				LastUpgradeCheck = 1220;
				TargetAttributes = {
					3CFF042F25A04C3E0068FCE3 = {
						CreatedOnToolsVersion = 12.2;
						LastSwiftMigration = 1220;
					};
				};
			};
			buildConfigurationList = 3CFF042B25A04C3E0068FCE3 /* Build configuration list for PBXProject "MetalComputerDemo" */;
			compatibilityVersion = "Xcode 9.3";
			developmentRegion = en;
			hasScannedForEncodings = 0;
			knownRegions = (
				en,
				Base,
			);
			mainGroup = 3CFF042725A04C3E0068FCE3;
			productRefGroup = 3CFF043125A04C3E0068FCE3 /* Products */;
			projectDirPath = "";
			projectRoot = "";
			targets = (
				3CFF042F25A04C3E0068FCE3 /* MetalComputerDemo */,
			);
		};
/* End PBXProject section */

/* Begin PBXResourcesBuildPhase section */
		3CFF042E25A04C3E0068FCE3 /* Resources */ = {
			isa = PBXResourcesBuildPhase;
			buildActionMask = 2147483647;
			files = (
				3CFF043825A04C3F0068FCE3 /* Assets.xcassets in Resources */,
				3CFF043B25A04C3F0068FCE3 /* Main.storyboard in Resources */,
			);
			runOnlyForDeploymentPostprocessing = 0;
		};
/* End PBXResourcesBuildPhase section */

/* Begin PBXSourcesBuildPhase section */
		3CFF042C25A04C3E0068FCE3 /* Sources */ = {
			isa = PBXSourcesBuildPhase;
			buildActionMask = 2147483647;
			files = (
				3CFF044525A04CA30068FCE3 /* Shader.metal in Sources */,
				3CFF044C25A0697F0068FCE3 /* Test.m in Sources */,
				3CFF043625A04C3E0068FCE3 /* ViewController.swift in Sources */,
				3CFF043425A04C3E0068FCE3 /* AppDelegate.swift in Sources */,
			);
			runOnlyForDeploymentPostprocessing = 0;
		};
/* End PBXSourcesBuildPhase section */

/* Begin PBXVariantGroup section */
		3CFF043925A04C3F0068FCE3 /* Main.storyboard */ = {
			isa = PBXVariantGroup;
			children = (
				3CFF043A25A04C3F0068FCE3 /* Base */,
			);
			name = Main.storyboard;
			sourceTree = "<group>";
		};
/* End PBXVariantGroup section */

/* Begin XCBuildConfiguration section */
		3CFF043E25A04C3F0068FCE3 /* Debug */ = {
			isa = XCBuildConfiguration;
			buildSettings = {
				ALWAYS_SEARCH_USER_PATHS = NO;
				CLANG_ANALYZER_NONNULL = YES;
				CLANG_ANALYZER_NUMBER_OBJECT_CONVERSION = YES_AGGRESSIVE;
				CLANG_CXX_LANGUAGE_STANDARD = "gnu++14";
				CLANG_CXX_LIBRARY = "libc++";
				CLANG_ENABLE_MODULES = YES;
				CLANG_ENABLE_OBJC_ARC = YES;
				CLANG_ENABLE_OBJC_WEAK = YES;
				CLANG_WARN_BLOCK_CAPTURE_AUTORELEASING = YES;
				CLANG_WARN_BOOL_CONVERSION = YES;
				CLANG_WARN_COMMA = YES;
				CLANG_WARN_CONSTANT_CONVERSION = YES;
				CLANG_WARN_DEPRECATED_OBJC_IMPLEMENTATIONS = YES;
				CLANG_WARN_DIRECT_OBJC_ISA_USAGE = YES_ERROR;
				CLANG_WARN_DOCUMENTATION_COMMENTS = YES;
				CLANG_WARN_EMPTY_BODY = YES;
				CLANG_WARN_ENUM_CONVERSION = YES;
				CLANG_WARN_INFINITE_RECURSION = YES;
				CLANG_WARN_INT_CONVERSION = YES;
				CLANG_WARN_NON_LITERAL_NULL_CONVERSION = YES;
				CLANG_WARN_OBJC_IMPLICIT_RETAIN_SELF = YES;
				CLANG_WARN_OBJC_LITERAL_CONVERSION = YES;
				CLANG_WARN_OBJC_ROOT_CLASS = YES_ERROR;
				CLANG_WARN_QUOTED_INCLUDE_IN_FRAMEWORK_HEADER = YES;
				CLANG_WARN_RANGE_LOOP_ANALYSIS = YES;
				CLANG_WARN_STRICT_PROTOTYPES = YES;
				CLANG_WARN_SUSPICIOUS_MOVE = YES;
				CLANG_WARN_UNGUARDED_AVAILABILITY = YES_AGGRESSIVE;
				CLANG_WARN_UNREACHABLE_CODE = YES;
				CLANG_WARN__DUPLICATE_METHOD_MATCH = YES;
				COPY_PHASE_STRIP = NO;
				DEBUG_INFORMATION_FORMAT = dwarf;
				ENABLE_STRICT_OBJC_MSGSEND = YES;
				ENABLE_TESTABILITY = YES;
				GCC_C_LANGUAGE_STANDARD = gnu11;
				GCC_DYNAMIC_NO_PIC = NO;
				GCC_NO_COMMON_BLOCKS = YES;
				GCC_OPTIMIZATION_LEVEL = 0;
				GCC_PREPROCESSOR_DEFINITIONS = (
					"DEBUG=1",
					"$(inherited)",
				);
				GCC_WARN_64_TO_32_BIT_CONVERSION = YES;
				GCC_WARN_ABOUT_RETURN_TYPE = YES_ERROR;
				GCC_WARN_UNDECLARED_SELECTOR = YES;
				GCC_WARN_UNINITIALIZED_AUTOS = YES_AGGRESSIVE;
				GCC_WARN_UNUSED_FUNCTION = YES;
				GCC_WARN_UNUSED_VARIABLE = YES;
				MACOSX_DEPLOYMENT_TARGET = 11.0;
				MTL_ENABLE_DEBUG_INFO = INCLUDE_SOURCE;
				MTL_FAST_MATH = YES;
				ONLY_ACTIVE_ARCH = YES;
				SDKROOT = macosx;
				SWIFT_ACTIVE_COMPILATION_CONDITIONS = DEBUG;
				SWIFT_OPTIMIZATION_LEVEL = "-Onone";
			};
			name = Debug;
		};
		3CFF043F25A04C3F0068FCE3 /* Release */ = {
			isa = XCBuildConfiguration;
			buildSettings = {
				ALWAYS_SEARCH_USER_PATHS = NO;
				CLANG_ANALYZER_NONNULL = YES;
				CLANG_ANALYZER_NUMBER_OBJECT_CONVERSION = YES_AGGRESSIVE;
				CLANG_CXX_LANGUAGE_STANDARD = "gnu++14";
				CLANG_CXX_LIBRARY = "libc++";
				CLANG_ENABLE_MODULES = YES;
				CLANG_ENABLE_OBJC_ARC = YES;
				CLANG_ENABLE_OBJC_WEAK = YES;
				CLANG_WARN_BLOCK_CAPTURE_AUTORELEASING = YES;
				CLANG_WARN_BOOL_CONVERSION = YES;
				CLANG_WARN_COMMA = YES;
				CLANG_WARN_CONSTANT_CONVERSION = YES;
				CLANG_WARN_DEPRECATED_OBJC_IMPLEMENTATIONS = YES;
				CLANG_WARN_DIRECT_OBJC_ISA_USAGE = YES_ERROR;
				CLANG_WARN_DOCUMENTATION_COMMENTS = YES;
				CLANG_WARN_EMPTY_BODY = YES;
				CLANG_WARN_ENUM_CONVERSION = YES;
				CLANG_WARN_INFINITE_RECURSION = YES;
				CLANG_WARN_INT_CONVERSION = YES;
				CLANG_WARN_NON_LITERAL_NULL_CONVERSION = YES;
				CLANG_WARN_OBJC_IMPLICIT_RETAIN_SELF = YES;
				CLANG_WARN_OBJC_LITERAL_CONVERSION = YES;
				CLANG_WARN_OBJC_ROOT_CLASS = YES_ERROR;
				CLANG_WARN_QUOTED_INCLUDE_IN_FRAMEWORK_HEADER = YES;
				CLANG_WARN_RANGE_LOOP_ANALYSIS = YES;
				CLANG_WARN_STRICT_PROTOTYPES = YES;
				CLANG_WARN_SUSPICIOUS_MOVE = YES;
				CLANG_WARN_UNGUARDED_AVAILABILITY = YES_AGGRESSIVE;
				CLANG_WARN_UNREACHABLE_CODE = YES;
				CLANG_WARN__DUPLICATE_METHOD_MATCH = YES;
				COPY_PHASE_STRIP = NO;
				DEBUG_INFORMATION_FORMAT = "dwarf-with-dsym";
				ENABLE_NS_ASSERTIONS = NO;
				ENABLE_STRICT_OBJC_MSGSEND = YES;
				GCC_C_LANGUAGE_STANDARD = gnu11;
				GCC_NO_COMMON_BLOCKS = YES;
				GCC_WARN_64_TO_32_BIT_CONVERSION = YES;
				GCC_WARN_ABOUT_RETURN_TYPE = YES_ERROR;
				GCC_WARN_UNDECLARED_SELECTOR = YES;
				GCC_WARN_UNINITIALIZED_AUTOS = YES_AGGRESSIVE;
				GCC_WARN_UNUSED_FUNCTION = YES;
				GCC_WARN_UNUSED_VARIABLE = YES;
				MACOSX_DEPLOYMENT_TARGET = 11.0;
				MTL_ENABLE_DEBUG_INFO = NO;
				MTL_FAST_MATH = YES;
				SDKROOT = macosx;
				SWIFT_COMPILATION_MODE = wholemodule;
				SWIFT_OPTIMIZATION_LEVEL = "-O";
			};
			name = Release;
		};
		3CFF044125A04C3F0068FCE3 /* Debug */ = {
			isa = XCBuildConfiguration;
			buildSettings = {
				ASSETCATALOG_COMPILER_APPICON_NAME = AppIcon;
				ASSETCATALOG_COMPILER_GLOBAL_ACCENT_COLOR_NAME = AccentColor;
				CLANG_ENABLE_MODULES = YES;
				CODE_SIGN_ENTITLEMENTS = MetalComputerDemo/MetalComputerDemo.entitlements;
				CODE_SIGN_STYLE = Automatic;
				COMBINE_HIDPI_IMAGES = YES;
				HEADER_SEARCH_PATHS = /usr/local/include;
				INFOPLIST_FILE = MetalComputerDemo/Info.plist;
				LD_RUNPATH_SEARCH_PATHS = (
					"$(inherited)",
					"@executable_path/../Frameworks",
				);
				PRODUCT_BUNDLE_IDENTIFIER = com.0x1306a94.MetalComputerDemo;
				PRODUCT_NAME = "$(TARGET_NAME)";
				SWIFT_OBJC_BRIDGING_HEADER = "MetalComputerDemo/MetalComputerDemo-Bridging-Header.h";
				SWIFT_OPTIMIZATION_LEVEL = "-Onone";
				SWIFT_VERSION = 5.0;
			};
			name = Debug;
		};
		3CFF044225A04C3F0068FCE3 /* Release */ = {
			isa = XCBuildConfiguration;
			buildSettings = {
				ASSETCATALOG_COMPILER_APPICON_NAME = AppIcon;
				ASSETCATALOG_COMPILER_GLOBAL_ACCENT_COLOR_NAME = AccentColor;
				CLANG_ENABLE_MODULES = YES;
				CODE_SIGN_ENTITLEMENTS = MetalComputerDemo/MetalComputerDemo.entitlements;
				CODE_SIGN_STYLE = Automatic;
				COMBINE_HIDPI_IMAGES = YES;
				HEADER_SEARCH_PATHS = /usr/local/include;
				INFOPLIST_FILE = MetalComputerDemo/Info.plist;
				LD_RUNPATH_SEARCH_PATHS = (
					"$(inherited)",
					"@executable_path/../Frameworks",
				);
				PRODUCT_BUNDLE_IDENTIFIER = com.0x1306a94.MetalComputerDemo;
				PRODUCT_NAME = "$(TARGET_NAME)";
				SWIFT_OBJC_BRIDGING_HEADER = "MetalComputerDemo/MetalComputerDemo-Bridging-Header.h";
				SWIFT_VERSION = 5.0;
			};
			name = Release;
		};
/* End XCBuildConfiguration section */

/* Begin XCConfigurationList section */
		3CFF042B25A04C3E0068FCE3 /* Build configuration list for PBXProject "MetalComputerDemo" */ = {
			isa = XCConfigurationList;
			buildConfigurations = (
				3CFF043E25A04C3F0068FCE3 /* Debug */,
				3CFF043F25A04C3F0068FCE3 /* Release */,
			);
			defaultConfigurationIsVisible = 0;
			defaultConfigurationName = Release;
		};
		3CFF044025A04C3F0068FCE3 /* Build configuration list for PBXNativeTarget "MetalComputerDemo" */ = {
			isa = XCConfigurationList;
			buildConfigurations = (
				3CFF044125A04C3F0068FCE3 /* Debug */,
				3CFF044225A04C3F0068FCE3 /* Release */,
			);
			defaultConfigurationIsVisible = 0;
			defaultConfigurationName = Release;
		};
/* End XCConfigurationList section */
	};
	rootObject = 3CFF042825A04C3E0068FCE3 /* Project object */;
}
