// !$*UTF8*$!
{
	archiveVersion = 1;
	classes = {
	};
	objectVersion = 50;
	objects = {

/* Begin PBXBuildFile section */
		3C428C9826C014E800D8311D /* AAPLTransforms.mm in Sources */ = {isa = PBXBuildFile; fileRef = 3C428C9726C014E800D8311D /* AAPLTransforms.mm */; };
		3C428C9F26C0176300D8311D /* MetalKit.framework in Frameworks */ = {isa = PBXBuildFile; fileRef = 3C428C9E26C0176300D8311D /* MetalKit.framework */; };
		3C428CA126C0176800D8311D /* Metal.framework in Frameworks */ = {isa = PBXBuildFile; fileRef = 3C428CA026C0176700D8311D /* Metal.framework */; };
		3C428CA426C01CE400D8311D /* AVFoundation.framework in Frameworks */ = {isa = PBXBuildFile; fileRef = 3C428CA326C01CE400D8311D /* AVFoundation.framework */; };
		3C5A7F0326B5703200987475 /* 76824d1cd998d76ce18040a48fd49b920cb377b1.JPG in Resources */ = {isa = PBXBuildFile; fileRef = 3C5A7F0226B5703200987475 /* 76824d1cd998d76ce18040a48fd49b920cb377b1.JPG */; };
		3C69310E2535482600B2FF89 /* AppDelegate.m in Sources */ = {isa = PBXBuildFile; fileRef = 3C69310D2535482600B2FF89 /* AppDelegate.m */; };
		3C6931112535482600B2FF89 /* ViewController.mm in Sources */ = {isa = PBXBuildFile; fileRef = 3C6931102535482600B2FF89 /* ViewController.mm */; };
		3C6931132535482700B2FF89 /* Assets.xcassets in Resources */ = {isa = PBXBuildFile; fileRef = 3C6931122535482700B2FF89 /* Assets.xcassets */; };
		3C6931162535482700B2FF89 /* Main.storyboard in Resources */ = {isa = PBXBuildFile; fileRef = 3C6931142535482700B2FF89 /* Main.storyboard */; };
		3C6931192535482700B2FF89 /* main.m in Sources */ = {isa = PBXBuildFile; fileRef = 3C6931182535482700B2FF89 /* main.m */; };
		3C69312625354EC500B2FF89 /* Shader.metal in Sources */ = {isa = PBXBuildFile; fileRef = 3C69312525354EC500B2FF89 /* Shader.metal */; };
		3C8FA25F26DF584E0059002E /* KKRenderer.mm in Sources */ = {isa = PBXBuildFile; fileRef = 3C8FA25E26DF584E0059002E /* KKRenderer.mm */; };
		3C8FA3E826DF8F430059002E /* KeyFrameParams.cpp in Sources */ = {isa = PBXBuildFile; fileRef = 3C8FA3E626DF8F430059002E /* KeyFrameParams.cpp */; };
		3C8FA65526DFA2F50059002E /* AnimationParams.cpp in Sources */ = {isa = PBXBuildFile; fileRef = 3C8FA65326DFA2F50059002E /* AnimationParams.cpp */; };
		3CA2C91D26E0711A00602B44 /* 7DFF4B43-819E-48AD-88E1-DE68CA71D33C.jpeg in Resources */ = {isa = PBXBuildFile; fileRef = 3CA2C91C26E0711A00602B44 /* 7DFF4B43-819E-48AD-88E1-DE68CA71D33C.jpeg */; };
/* End PBXBuildFile section */

/* Begin PBXFileReference section */
		3C428C9626C014E800D8311D /* AAPLTransforms.h */ = {isa = PBXFileReference; fileEncoding = 4; lastKnownFileType = sourcecode.c.h; path = AAPLTransforms.h; sourceTree = "<group>"; };
		3C428C9726C014E800D8311D /* AAPLTransforms.mm */ = {isa = PBXFileReference; fileEncoding = 4; lastKnownFileType = sourcecode.cpp.objcpp; path = AAPLTransforms.mm; sourceTree = "<group>"; };
		3C428C9E26C0176300D8311D /* MetalKit.framework */ = {isa = PBXFileReference; lastKnownFileType = wrapper.framework; name = MetalKit.framework; path = System/Library/Frameworks/MetalKit.framework; sourceTree = SDKROOT; };
		3C428CA026C0176700D8311D /* Metal.framework */ = {isa = PBXFileReference; lastKnownFileType = wrapper.framework; name = Metal.framework; path = System/Library/Frameworks/Metal.framework; sourceTree = SDKROOT; };
		3C428CA326C01CE400D8311D /* AVFoundation.framework */ = {isa = PBXFileReference; lastKnownFileType = wrapper.framework; name = AVFoundation.framework; path = System/Library/Frameworks/AVFoundation.framework; sourceTree = SDKROOT; };
		3C5A7F0226B5703200987475 /* 76824d1cd998d76ce18040a48fd49b920cb377b1.JPG */ = {isa = PBXFileReference; lastKnownFileType = image.jpeg; path = 76824d1cd998d76ce18040a48fd49b920cb377b1.JPG; sourceTree = "<group>"; };
		3C6931092535482600B2FF89 /* MetalSample3.app */ = {isa = PBXFileReference; explicitFileType = wrapper.application; includeInIndex = 0; path = MetalSample3.app; sourceTree = BUILT_PRODUCTS_DIR; };
		3C69310C2535482600B2FF89 /* AppDelegate.h */ = {isa = PBXFileReference; lastKnownFileType = sourcecode.c.h; path = AppDelegate.h; sourceTree = "<group>"; };
		3C69310D2535482600B2FF89 /* AppDelegate.m */ = {isa = PBXFileReference; lastKnownFileType = sourcecode.c.objc; path = AppDelegate.m; sourceTree = "<group>"; };
		3C69310F2535482600B2FF89 /* ViewController.h */ = {isa = PBXFileReference; lastKnownFileType = sourcecode.c.h; path = ViewController.h; sourceTree = "<group>"; };
		3C6931102535482600B2FF89 /* ViewController.mm */ = {isa = PBXFileReference; lastKnownFileType = sourcecode.cpp.objcpp; path = ViewController.mm; sourceTree = "<group>"; };
		3C6931122535482700B2FF89 /* Assets.xcassets */ = {isa = PBXFileReference; lastKnownFileType = folder.assetcatalog; path = Assets.xcassets; sourceTree = "<group>"; };
		3C6931152535482700B2FF89 /* Base */ = {isa = PBXFileReference; lastKnownFileType = file.storyboard; name = Base; path = Base.lproj/Main.storyboard; sourceTree = "<group>"; };
		3C6931172535482700B2FF89 /* Info.plist */ = {isa = PBXFileReference; lastKnownFileType = text.plist.xml; path = Info.plist; sourceTree = "<group>"; };
		3C6931182535482700B2FF89 /* main.m */ = {isa = PBXFileReference; lastKnownFileType = sourcecode.c.objc; path = main.m; sourceTree = "<group>"; };
		3C69311A2535482700B2FF89 /* MetalSample.entitlements */ = {isa = PBXFileReference; lastKnownFileType = text.plist.entitlements; path = MetalSample.entitlements; sourceTree = "<group>"; };
		3C69312525354EC500B2FF89 /* Shader.metal */ = {isa = PBXFileReference; lastKnownFileType = sourcecode.metal; path = Shader.metal; sourceTree = "<group>"; };
		3C69312825354EDD00B2FF89 /* ShaderTypes.h */ = {isa = PBXFileReference; lastKnownFileType = sourcecode.c.h; path = ShaderTypes.h; sourceTree = "<group>"; };
		3C8FA25D26DF584E0059002E /* KKRenderer.h */ = {isa = PBXFileReference; lastKnownFileType = sourcecode.c.h; path = KKRenderer.h; sourceTree = "<group>"; };
		3C8FA25E26DF584E0059002E /* KKRenderer.mm */ = {isa = PBXFileReference; lastKnownFileType = sourcecode.cpp.objcpp; path = KKRenderer.mm; sourceTree = "<group>"; };
		3C8FA3E626DF8F430059002E /* KeyFrameParams.cpp */ = {isa = PBXFileReference; lastKnownFileType = sourcecode.cpp.cpp; path = KeyFrameParams.cpp; sourceTree = "<group>"; };
		3C8FA3E726DF8F430059002E /* KeyFrameParams.hpp */ = {isa = PBXFileReference; lastKnownFileType = sourcecode.cpp.h; path = KeyFrameParams.hpp; sourceTree = "<group>"; };
		3C8FA65326DFA2F50059002E /* AnimationParams.cpp */ = {isa = PBXFileReference; lastKnownFileType = sourcecode.cpp.cpp; path = AnimationParams.cpp; sourceTree = "<group>"; };
		3C8FA65426DFA2F50059002E /* AnimationParams.hpp */ = {isa = PBXFileReference; lastKnownFileType = sourcecode.cpp.h; path = AnimationParams.hpp; sourceTree = "<group>"; };
		3CA2C91C26E0711A00602B44 /* 7DFF4B43-819E-48AD-88E1-DE68CA71D33C.jpeg */ = {isa = PBXFileReference; lastKnownFileType = image.jpeg; path = "7DFF4B43-819E-48AD-88E1-DE68CA71D33C.jpeg"; sourceTree = "<group>"; };
		3CCC6A27253C24170083343F /* Util.h */ = {isa = PBXFileReference; lastKnownFileType = sourcecode.c.h; path = Util.h; sourceTree = "<group>"; };
/* End PBXFileReference section */

/* Begin PBXFrameworksBuildPhase section */
		3C6931062535482600B2FF89 /* Frameworks */ = {
			isa = PBXFrameworksBuildPhase;
			buildActionMask = 2147483647;
			files = (
				3C428CA126C0176800D8311D /* Metal.framework in Frameworks */,
				3C428C9F26C0176300D8311D /* MetalKit.framework in Frameworks */,
				3C428CA426C01CE400D8311D /* AVFoundation.framework in Frameworks */,
			);
			runOnlyForDeploymentPostprocessing = 0;
		};
/* End PBXFrameworksBuildPhase section */

/* Begin PBXGroup section */
		3C428C9D26C0176300D8311D /* Frameworks */ = {
			isa = PBXGroup;
			children = (
				3C428CA326C01CE400D8311D /* AVFoundation.framework */,
				3C428CA026C0176700D8311D /* Metal.framework */,
				3C428C9E26C0176300D8311D /* MetalKit.framework */,
			);
			name = Frameworks;
			sourceTree = "<group>";
		};
		3C6931002535482600B2FF89 = {
			isa = PBXGroup;
			children = (
				3C69310B2535482600B2FF89 /* MetalSample */,
				3C69310A2535482600B2FF89 /* Products */,
				3C428C9D26C0176300D8311D /* Frameworks */,
			);
			sourceTree = "<group>";
		};
		3C69310A2535482600B2FF89 /* Products */ = {
			isa = PBXGroup;
			children = (
				3C6931092535482600B2FF89 /* MetalSample3.app */,
			);
			name = Products;
			sourceTree = "<group>";
		};
		3C69310B2535482600B2FF89 /* MetalSample */ = {
			isa = PBXGroup;
			children = (
				3C5A7F0226B5703200987475 /* 76824d1cd998d76ce18040a48fd49b920cb377b1.JPG */,
				3CA2C91C26E0711A00602B44 /* 7DFF4B43-819E-48AD-88E1-DE68CA71D33C.jpeg */,
				3C69310C2535482600B2FF89 /* AppDelegate.h */,
				3C69310D2535482600B2FF89 /* AppDelegate.m */,
				3C428C9626C014E800D8311D /* AAPLTransforms.h */,
				3C428C9726C014E800D8311D /* AAPLTransforms.mm */,
				3C8FA3E626DF8F430059002E /* KeyFrameParams.cpp */,
				3C8FA3E726DF8F430059002E /* KeyFrameParams.hpp */,
				3C8FA65326DFA2F50059002E /* AnimationParams.cpp */,
				3C8FA65426DFA2F50059002E /* AnimationParams.hpp */,
				3CCC6A27253C24170083343F /* Util.h */,
				3C69312525354EC500B2FF89 /* Shader.metal */,
				3C69312825354EDD00B2FF89 /* ShaderTypes.h */,
				3C8FA25D26DF584E0059002E /* KKRenderer.h */,
				3C8FA25E26DF584E0059002E /* KKRenderer.mm */,
				3C69310F2535482600B2FF89 /* ViewController.h */,
				3C6931102535482600B2FF89 /* ViewController.mm */,
				3C6931122535482700B2FF89 /* Assets.xcassets */,
				3C6931142535482700B2FF89 /* Main.storyboard */,
				3C6931172535482700B2FF89 /* Info.plist */,
				3C6931182535482700B2FF89 /* main.m */,
				3C69311A2535482700B2FF89 /* MetalSample.entitlements */,
			);
			path = MetalSample;
			sourceTree = "<group>";
		};
/* End PBXGroup section */

/* Begin PBXNativeTarget section */
		3C6931082535482600B2FF89 /* MetalSample3 */ = {
			isa = PBXNativeTarget;
			buildConfigurationList = 3C69311D2535482700B2FF89 /* Build configuration list for PBXNativeTarget "MetalSample3" */;
			buildPhases = (
				3C6931052535482600B2FF89 /* Sources */,
				3C6931062535482600B2FF89 /* Frameworks */,
				3C6931072535482600B2FF89 /* Resources */,
			);
			buildRules = (
			);
			dependencies = (
			);
			name = MetalSample3;
			productName = MetalSample;
			productReference = 3C6931092535482600B2FF89 /* MetalSample3.app */;
			productType = "com.apple.product-type.application";
		};
/* End PBXNativeTarget section */

/* Begin PBXProject section */
		3C6931012535482600B2FF89 /* Project object */ = {
			isa = PBXProject;
			attributes = {
				LastUpgradeCheck = 1230;
				TargetAttributes = {
					3C6931082535482600B2FF89 = {
						CreatedOnToolsVersion = 12.0;
					};
				};
			};
			buildConfigurationList = 3C6931042535482600B2FF89 /* Build configuration list for PBXProject "MetalSample3" */;
			compatibilityVersion = "Xcode 9.3";
			developmentRegion = en;
			hasScannedForEncodings = 0;
			knownRegions = (
				en,
				Base,
			);
			mainGroup = 3C6931002535482600B2FF89;
			productRefGroup = 3C69310A2535482600B2FF89 /* Products */;
			projectDirPath = "";
			projectRoot = "";
			targets = (
				3C6931082535482600B2FF89 /* MetalSample3 */,
			);
		};
/* End PBXProject section */

/* Begin PBXResourcesBuildPhase section */
		3C6931072535482600B2FF89 /* Resources */ = {
			isa = PBXResourcesBuildPhase;
			buildActionMask = 2147483647;
			files = (
				3C6931132535482700B2FF89 /* Assets.xcassets in Resources */,
				3CA2C91D26E0711A00602B44 /* 7DFF4B43-819E-48AD-88E1-DE68CA71D33C.jpeg in Resources */,
				3C5A7F0326B5703200987475 /* 76824d1cd998d76ce18040a48fd49b920cb377b1.JPG in Resources */,
				3C6931162535482700B2FF89 /* Main.storyboard in Resources */,
			);
			runOnlyForDeploymentPostprocessing = 0;
		};
/* End PBXResourcesBuildPhase section */

/* Begin PBXSourcesBuildPhase section */
		3C6931052535482600B2FF89 /* Sources */ = {
			isa = PBXSourcesBuildPhase;
			buildActionMask = 2147483647;
			files = (
				3C8FA65526DFA2F50059002E /* AnimationParams.cpp in Sources */,
				3C6931112535482600B2FF89 /* ViewController.mm in Sources */,
				3C428C9826C014E800D8311D /* AAPLTransforms.mm in Sources */,
				3C8FA25F26DF584E0059002E /* KKRenderer.mm in Sources */,
				3C6931192535482700B2FF89 /* main.m in Sources */,
				3C69312625354EC500B2FF89 /* Shader.metal in Sources */,
				3C69310E2535482600B2FF89 /* AppDelegate.m in Sources */,
				3C8FA3E826DF8F430059002E /* KeyFrameParams.cpp in Sources */,
			);
			runOnlyForDeploymentPostprocessing = 0;
		};
/* End PBXSourcesBuildPhase section */

/* Begin PBXVariantGroup section */
		3C6931142535482700B2FF89 /* Main.storyboard */ = {
			isa = PBXVariantGroup;
			children = (
				3C6931152535482700B2FF89 /* Base */,
			);
			name = Main.storyboard;
			sourceTree = "<group>";
		};
/* End PBXVariantGroup section */

/* Begin XCBuildConfiguration section */
		3C69311B2535482700B2FF89 /* Debug */ = {
			isa = XCBuildConfiguration;
			buildSettings = {
				ALWAYS_SEARCH_USER_PATHS = NO;
				CLANG_ANALYZER_NONNULL = YES;
				CLANG_ANALYZER_NUMBER_OBJECT_CONVERSION = YES_AGGRESSIVE;
				CLANG_CXX_LANGUAGE_STANDARD = "gnu++14";
				CLANG_CXX_LIBRARY = "libc++";
				CLANG_ENABLE_MODULES = YES;
				CLANG_ENABLE_OBJC_ARC = YES;
				CLANG_ENABLE_OBJC_WEAK = YES;
				CLANG_WARN_BLOCK_CAPTURE_AUTORELEASING = YES;
				CLANG_WARN_BOOL_CONVERSION = YES;
				CLANG_WARN_COMMA = YES;
				CLANG_WARN_CONSTANT_CONVERSION = YES;
				CLANG_WARN_DEPRECATED_OBJC_IMPLEMENTATIONS = YES;
				CLANG_WARN_DIRECT_OBJC_ISA_USAGE = YES_ERROR;
				CLANG_WARN_DOCUMENTATION_COMMENTS = YES;
				CLANG_WARN_EMPTY_BODY = YES;
				CLANG_WARN_ENUM_CONVERSION = YES;
				CLANG_WARN_INFINITE_RECURSION = YES;
				CLANG_WARN_INT_CONVERSION = YES;
				CLANG_WARN_NON_LITERAL_NULL_CONVERSION = YES;
				CLANG_WARN_OBJC_IMPLICIT_RETAIN_SELF = YES;
				CLANG_WARN_OBJC_LITERAL_CONVERSION = YES;
				CLANG_WARN_OBJC_ROOT_CLASS = YES_ERROR;
				CLANG_WARN_QUOTED_INCLUDE_IN_FRAMEWORK_HEADER = YES;
				CLANG_WARN_RANGE_LOOP_ANALYSIS = YES;
				CLANG_WARN_STRICT_PROTOTYPES = YES;
				CLANG_WARN_SUSPICIOUS_MOVE = YES;
				CLANG_WARN_UNGUARDED_AVAILABILITY = YES_AGGRESSIVE;
				CLANG_WARN_UNREACHABLE_CODE = YES;
				CLANG_WARN__DUPLICATE_METHOD_MATCH = YES;
				COPY_PHASE_STRIP = NO;
				DEBUG_INFORMATION_FORMAT = dwarf;
				ENABLE_STRICT_OBJC_MSGSEND = YES;
				ENABLE_TESTABILITY = YES;
				GCC_C_LANGUAGE_STANDARD = gnu11;
				GCC_DYNAMIC_NO_PIC = NO;
				GCC_NO_COMMON_BLOCKS = YES;
				GCC_OPTIMIZATION_LEVEL = 0;
				GCC_PREPROCESSOR_DEFINITIONS = (
					"DEBUG=1",
					"$(inherited)",
				);
				GCC_WARN_64_TO_32_BIT_CONVERSION = YES;
				GCC_WARN_ABOUT_RETURN_TYPE = YES_ERROR;
				GCC_WARN_UNDECLARED_SELECTOR = YES;
				GCC_WARN_UNINITIALIZED_AUTOS = YES_AGGRESSIVE;
				GCC_WARN_UNUSED_FUNCTION = YES;
				GCC_WARN_UNUSED_VARIABLE = YES;
				MACOSX_DEPLOYMENT_TARGET = 10.15;
				MTL_ENABLE_DEBUG_INFO = INCLUDE_SOURCE;
				MTL_FAST_MATH = YES;
				ONLY_ACTIVE_ARCH = YES;
				SDKROOT = macosx;
			};
			name = Debug;
		};
		3C69311C2535482700B2FF89 /* Release */ = {
			isa = XCBuildConfiguration;
			buildSettings = {
				ALWAYS_SEARCH_USER_PATHS = NO;
				CLANG_ANALYZER_NONNULL = YES;
				CLANG_ANALYZER_NUMBER_OBJECT_CONVERSION = YES_AGGRESSIVE;
				CLANG_CXX_LANGUAGE_STANDARD = "gnu++14";
				CLANG_CXX_LIBRARY = "libc++";
				CLANG_ENABLE_MODULES = YES;
				CLANG_ENABLE_OBJC_ARC = YES;
				CLANG_ENABLE_OBJC_WEAK = YES;
				CLANG_WARN_BLOCK_CAPTURE_AUTORELEASING = YES;
				CLANG_WARN_BOOL_CONVERSION = YES;
				CLANG_WARN_COMMA = YES;
				CLANG_WARN_CONSTANT_CONVERSION = YES;
				CLANG_WARN_DEPRECATED_OBJC_IMPLEMENTATIONS = YES;
				CLANG_WARN_DIRECT_OBJC_ISA_USAGE = YES_ERROR;
				CLANG_WARN_DOCUMENTATION_COMMENTS = YES;
				CLANG_WARN_EMPTY_BODY = YES;
				CLANG_WARN_ENUM_CONVERSION = YES;
				CLANG_WARN_INFINITE_RECURSION = YES;
				CLANG_WARN_INT_CONVERSION = YES;
				CLANG_WARN_NON_LITERAL_NULL_CONVERSION = YES;
				CLANG_WARN_OBJC_IMPLICIT_RETAIN_SELF = YES;
				CLANG_WARN_OBJC_LITERAL_CONVERSION = YES;
				CLANG_WARN_OBJC_ROOT_CLASS = YES_ERROR;
				CLANG_WARN_QUOTED_INCLUDE_IN_FRAMEWORK_HEADER = YES;
				CLANG_WARN_RANGE_LOOP_ANALYSIS = YES;
				CLANG_WARN_STRICT_PROTOTYPES = YES;
				CLANG_WARN_SUSPICIOUS_MOVE = YES;
				CLANG_WARN_UNGUARDED_AVAILABILITY = YES_AGGRESSIVE;
				CLANG_WARN_UNREACHABLE_CODE = YES;
				CLANG_WARN__DUPLICATE_METHOD_MATCH = YES;
				COPY_PHASE_STRIP = NO;
				DEBUG_INFORMATION_FORMAT = "dwarf-with-dsym";
				ENABLE_NS_ASSERTIONS = NO;
				ENABLE_STRICT_OBJC_MSGSEND = YES;
				GCC_C_LANGUAGE_STANDARD = gnu11;
				GCC_NO_COMMON_BLOCKS = YES;
				GCC_WARN_64_TO_32_BIT_CONVERSION = YES;
				GCC_WARN_ABOUT_RETURN_TYPE = YES_ERROR;
				GCC_WARN_UNDECLARED_SELECTOR = YES;
				GCC_WARN_UNINITIALIZED_AUTOS = YES_AGGRESSIVE;
				GCC_WARN_UNUSED_FUNCTION = YES;
				GCC_WARN_UNUSED_VARIABLE = YES;
				MACOSX_DEPLOYMENT_TARGET = 10.15;
				MTL_ENABLE_DEBUG_INFO = NO;
				MTL_FAST_MATH = YES;
				SDKROOT = macosx;
			};
			name = Release;
		};
		3C69311E2535482700B2FF89 /* Debug */ = {
			isa = XCBuildConfiguration;
			buildSettings = {
				ASSETCATALOG_COMPILER_APPICON_NAME = AppIcon;
				ASSETCATALOG_COMPILER_GLOBAL_ACCENT_COLOR_NAME = AccentColor;
				CODE_SIGN_ENTITLEMENTS = MetalSample/MetalSample.entitlements;
				CODE_SIGN_IDENTITY = "-";
				CODE_SIGN_STYLE = Automatic;
				COMBINE_HIDPI_IMAGES = YES;
				INFOPLIST_FILE = MetalSample/Info.plist;
				LD_RUNPATH_SEARCH_PATHS = (
					"$(inherited)",
					"@executable_path/../Frameworks",
				);
				PRODUCT_BUNDLE_IDENTIFIER = com.0x1306a94.MetalSample;
				PRODUCT_NAME = "$(TARGET_NAME)";
			};
			name = Debug;
		};
		3C69311F2535482700B2FF89 /* Release */ = {
			isa = XCBuildConfiguration;
			buildSettings = {
				ASSETCATALOG_COMPILER_APPICON_NAME = AppIcon;
				ASSETCATALOG_COMPILER_GLOBAL_ACCENT_COLOR_NAME = AccentColor;
				CODE_SIGN_ENTITLEMENTS = MetalSample/MetalSample.entitlements;
				CODE_SIGN_IDENTITY = "-";
				CODE_SIGN_STYLE = Automatic;
				COMBINE_HIDPI_IMAGES = YES;
				INFOPLIST_FILE = MetalSample/Info.plist;
				LD_RUNPATH_SEARCH_PATHS = (
					"$(inherited)",
					"@executable_path/../Frameworks",
				);
				PRODUCT_BUNDLE_IDENTIFIER = com.0x1306a94.MetalSample;
				PRODUCT_NAME = "$(TARGET_NAME)";
			};
			name = Release;
		};
/* End XCBuildConfiguration section */

/* Begin XCConfigurationList section */
		3C6931042535482600B2FF89 /* Build configuration list for PBXProject "MetalSample3" */ = {
			isa = XCConfigurationList;
			buildConfigurations = (
				3C69311B2535482700B2FF89 /* Debug */,
				3C69311C2535482700B2FF89 /* Release */,
			);
			defaultConfigurationIsVisible = 0;
			defaultConfigurationName = Release;
		};
		3C69311D2535482700B2FF89 /* Build configuration list for PBXNativeTarget "MetalSample3" */ = {
			isa = XCConfigurationList;
			buildConfigurations = (
				3C69311E2535482700B2FF89 /* Debug */,
				3C69311F2535482700B2FF89 /* Release */,
			);
			defaultConfigurationIsVisible = 0;
			defaultConfigurationName = Release;
		};
/* End XCConfigurationList section */
	};
	rootObject = 3C6931012535482600B2FF89 /* Project object */;
}
