// !$*UTF8*$!
{
	archiveVersion = 1;
	classes = {
	};
	objectVersion = 56;
	objects = {

/* Begin PBXBuildFile section */
		3CCAE8AB28D31DF600FE187A /* AppDelegate.swift in Sources */ = {isa = PBXBuildFile; fileRef = 3CCAE8AA28D31DF600FE187A /* AppDelegate.swift */; };
		3CCAE8AD28D31DF600FE187A /* SceneDelegate.swift in Sources */ = {isa = PBXBuildFile; fileRef = 3CCAE8AC28D31DF600FE187A /* SceneDelegate.swift */; };
		3CCAE8AF28D31DF600FE187A /* ViewController.swift in Sources */ = {isa = PBXBuildFile; fileRef = 3CCAE8AE28D31DF600FE187A /* ViewController.swift */; };
		3CCAE8B228D31DF600FE187A /* Main.storyboard in Resources */ = {isa = PBXBuildFile; fileRef = 3CCAE8B028D31DF600FE187A /* Main.storyboard */; };
		3CCAE8B428D31DF900FE187A /* Assets.xcassets in Resources */ = {isa = PBXBuildFile; fileRef = 3CCAE8B328D31DF900FE187A /* Assets.xcassets */; };
		3CCAE8B728D31DF900FE187A /* LaunchScreen.storyboard in Resources */ = {isa = PBXBuildFile; fileRef = 3CCAE8B528D31DF900FE187A /* LaunchScreen.storyboard */; };
		3CCAE8BF28D31E9300FE187A /* Shader.metal in Sources */ = {isa = PBXBuildFile; fileRef = 3CCAE8BE28D31E9300FE187A /* Shader.metal */; };
		3CCAE8C128D31ECB00FE187A /* MetalGradientMeshView.swift in Sources */ = {isa = PBXBuildFile; fileRef = 3CCAE8C028D31ECB00FE187A /* MetalGradientMeshView.swift */; };
		3CCAE8C328D31FD600FE187A /* MetalGradientMeshRenderer.swift in Sources */ = {isa = PBXBuildFile; fileRef = 3CCAE8C228D31FD600FE187A /* MetalGradientMeshRenderer.swift */; };
/* End PBXBuildFile section */

/* Begin PBXFileReference section */
		3CCAE8A728D31DF600FE187A /* MetalGradientMeshSample.app */ = {isa = PBXFileReference; explicitFileType = wrapper.application; includeInIndex = 0; path = MetalGradientMeshSample.app; sourceTree = BUILT_PRODUCTS_DIR; };
		3CCAE8AA28D31DF600FE187A /* AppDelegate.swift */ = {isa = PBXFileReference; lastKnownFileType = sourcecode.swift; path = AppDelegate.swift; sourceTree = "<group>"; };
		3CCAE8AC28D31DF600FE187A /* SceneDelegate.swift */ = {isa = PBXFileReference; lastKnownFileType = sourcecode.swift; path = SceneDelegate.swift; sourceTree = "<group>"; };
		3CCAE8AE28D31DF600FE187A /* ViewController.swift */ = {isa = PBXFileReference; lastKnownFileType = sourcecode.swift; path = ViewController.swift; sourceTree = "<group>"; };
		3CCAE8B128D31DF600FE187A /* Base */ = {isa = PBXFileReference; lastKnownFileType = file.storyboard; name = Base; path = Base.lproj/Main.storyboard; sourceTree = "<group>"; };
		3CCAE8B328D31DF900FE187A /* Assets.xcassets */ = {isa = PBXFileReference; lastKnownFileType = folder.assetcatalog; path = Assets.xcassets; sourceTree = "<group>"; };
		3CCAE8B628D31DF900FE187A /* Base */ = {isa = PBXFileReference; lastKnownFileType = file.storyboard; name = Base; path = Base.lproj/LaunchScreen.storyboard; sourceTree = "<group>"; };
		3CCAE8B828D31DF900FE187A /* Info.plist */ = {isa = PBXFileReference; lastKnownFileType = text.plist.xml; path = Info.plist; sourceTree = "<group>"; };
		3CCAE8BE28D31E9300FE187A /* Shader.metal */ = {isa = PBXFileReference; lastKnownFileType = sourcecode.metal; path = Shader.metal; sourceTree = "<group>"; };
		3CCAE8C028D31ECB00FE187A /* MetalGradientMeshView.swift */ = {isa = PBXFileReference; lastKnownFileType = sourcecode.swift; path = MetalGradientMeshView.swift; sourceTree = "<group>"; };
		3CCAE8C228D31FD600FE187A /* MetalGradientMeshRenderer.swift */ = {isa = PBXFileReference; lastKnownFileType = sourcecode.swift; path = MetalGradientMeshRenderer.swift; sourceTree = "<group>"; };
/* End PBXFileReference section */

/* Begin PBXFrameworksBuildPhase section */
		3CCAE8A428D31DF600FE187A /* Frameworks */ = {
			isa = PBXFrameworksBuildPhase;
			buildActionMask = 2147483647;
			files = (
			);
			runOnlyForDeploymentPostprocessing = 0;
		};
/* End PBXFrameworksBuildPhase section */

/* Begin PBXGroup section */
		3CCAE89E28D31DF600FE187A = {
			isa = PBXGroup;
			children = (
				3CCAE8A928D31DF600FE187A /* MetalGradientMeshSample */,
				3CCAE8A828D31DF600FE187A /* Products */,
			);
			sourceTree = "<group>";
		};
		3CCAE8A828D31DF600FE187A /* Products */ = {
			isa = PBXGroup;
			children = (
				3CCAE8A728D31DF600FE187A /* MetalGradientMeshSample.app */,
			);
			name = Products;
			sourceTree = "<group>";
		};
		3CCAE8A928D31DF600FE187A /* MetalGradientMeshSample */ = {
			isa = PBXGroup;
			children = (
				3CCAE8AA28D31DF600FE187A /* AppDelegate.swift */,
				3CCAE8AC28D31DF600FE187A /* SceneDelegate.swift */,
				3CCAE8AE28D31DF600FE187A /* ViewController.swift */,
				3CCAE8C028D31ECB00FE187A /* MetalGradientMeshView.swift */,
				3CCAE8C228D31FD600FE187A /* MetalGradientMeshRenderer.swift */,
				3CCAE8B028D31DF600FE187A /* Main.storyboard */,
				3CCAE8B328D31DF900FE187A /* Assets.xcassets */,
				3CCAE8B528D31DF900FE187A /* LaunchScreen.storyboard */,
				3CCAE8B828D31DF900FE187A /* Info.plist */,
				3CCAE8BE28D31E9300FE187A /* Shader.metal */,
			);
			path = MetalGradientMeshSample;
			sourceTree = "<group>";
		};
/* End PBXGroup section */

/* Begin PBXNativeTarget section */
		3CCAE8A628D31DF600FE187A /* MetalGradientMeshSample */ = {
			isa = PBXNativeTarget;
			buildConfigurationList = 3CCAE8BB28D31DF900FE187A /* Build configuration list for PBXNativeTarget "MetalGradientMeshSample" */;
			buildPhases = (
				3CCAE8A328D31DF600FE187A /* Sources */,
				3CCAE8A428D31DF600FE187A /* Frameworks */,
				3CCAE8A528D31DF600FE187A /* Resources */,
			);
			buildRules = (
			);
			dependencies = (
			);
			name = MetalGradientMeshSample;
			productName = MetalGradientMeshSample;
			productReference = 3CCAE8A728D31DF600FE187A /* MetalGradientMeshSample.app */;
			productType = "com.apple.product-type.application";
		};
/* End PBXNativeTarget section */

/* Begin PBXProject section */
		3CCAE89F28D31DF600FE187A /* Project object */ = {
			isa = PBXProject;
			attributes = {
				BuildIndependentTargetsInParallel = 1;
				LastSwiftUpdateCheck = 1400;
				LastUpgradeCheck = 1400;
				TargetAttributes = {
					3CCAE8A628D31DF600FE187A = {
						CreatedOnToolsVersion = 14.0;
					};
				};
			};
			buildConfigurationList = 3CCAE8A228D31DF600FE187A /* Build configuration list for PBXProject "MetalGradientMeshSample" */;
			compatibilityVersion = "Xcode 14.0";
			developmentRegion = en;
			hasScannedForEncodings = 0;
			knownRegions = (
				en,
				Base,
			);
			mainGroup = 3CCAE89E28D31DF600FE187A;
			productRefGroup = 3CCAE8A828D31DF600FE187A /* Products */;
			projectDirPath = "";
			projectRoot = "";
			targets = (
				3CCAE8A628D31DF600FE187A /* MetalGradientMeshSample */,
			);
		};
/* End PBXProject section */

/* Begin PBXResourcesBuildPhase section */
		3CCAE8A528D31DF600FE187A /* Resources */ = {
			isa = PBXResourcesBuildPhase;
			buildActionMask = 2147483647;
			files = (
				3CCAE8B728D31DF900FE187A /* LaunchScreen.storyboard in Resources */,
				3CCAE8B428D31DF900FE187A /* Assets.xcassets in Resources */,
				3CCAE8B228D31DF600FE187A /* Main.storyboard in Resources */,
			);
			runOnlyForDeploymentPostprocessing = 0;
		};
/* End PBXResourcesBuildPhase section */

/* Begin PBXSourcesBuildPhase section */
		3CCAE8A328D31DF600FE187A /* Sources */ = {
			isa = PBXSourcesBuildPhase;
			buildActionMask = 2147483647;
			files = (
				3CCAE8C128D31ECB00FE187A /* MetalGradientMeshView.swift in Sources */,
				3CCAE8BF28D31E9300FE187A /* Shader.metal in Sources */,
				3CCAE8AF28D31DF600FE187A /* ViewController.swift in Sources */,
				3CCAE8AB28D31DF600FE187A /* AppDelegate.swift in Sources */,
				3CCAE8AD28D31DF600FE187A /* SceneDelegate.swift in Sources */,
				3CCAE8C328D31FD600FE187A /* MetalGradientMeshRenderer.swift in Sources */,
			);
			runOnlyForDeploymentPostprocessing = 0;
		};
/* End PBXSourcesBuildPhase section */

/* Begin PBXVariantGroup section */
		3CCAE8B028D31DF600FE187A /* Main.storyboard */ = {
			isa = PBXVariantGroup;
			children = (
				3CCAE8B128D31DF600FE187A /* Base */,
			);
			name = Main.storyboard;
			sourceTree = "<group>";
		};
		3CCAE8B528D31DF900FE187A /* LaunchScreen.storyboard */ = {
			isa = PBXVariantGroup;
			children = (
				3CCAE8B628D31DF900FE187A /* Base */,
			);
			name = LaunchScreen.storyboard;
			sourceTree = "<group>";
		};
/* End PBXVariantGroup section */

/* Begin XCBuildConfiguration section */
		3CCAE8B928D31DF900FE187A /* Debug */ = {
			isa = XCBuildConfiguration;
			buildSettings = {
				ALWAYS_SEARCH_USER_PATHS = NO;
				CLANG_ANALYZER_NONNULL = YES;
				CLANG_ANALYZER_NUMBER_OBJECT_CONVERSION = YES_AGGRESSIVE;
				CLANG_CXX_LANGUAGE_STANDARD = "gnu++20";
				CLANG_ENABLE_MODULES = YES;
				CLANG_ENABLE_OBJC_ARC = YES;
				CLANG_ENABLE_OBJC_WEAK = YES;
				CLANG_WARN_BLOCK_CAPTURE_AUTORELEASING = YES;
				CLANG_WARN_BOOL_CONVERSION = YES;
				CLANG_WARN_COMMA = YES;
				CLANG_WARN_CONSTANT_CONVERSION = YES;
				CLANG_WARN_DEPRECATED_OBJC_IMPLEMENTATIONS = YES;
				CLANG_WARN_DIRECT_OBJC_ISA_USAGE = YES_ERROR;
				CLANG_WARN_DOCUMENTATION_COMMENTS = YES;
				CLANG_WARN_EMPTY_BODY = YES;
				CLANG_WARN_ENUM_CONVERSION = YES;
				CLANG_WARN_INFINITE_RECURSION = YES;
				CLANG_WARN_INT_CONVERSION = YES;
				CLANG_WARN_NON_LITERAL_NULL_CONVERSION = YES;
				CLANG_WARN_OBJC_IMPLICIT_RETAIN_SELF = YES;
				CLANG_WARN_OBJC_LITERAL_CONVERSION = YES;
				CLANG_WARN_OBJC_ROOT_CLASS = YES_ERROR;
				CLANG_WARN_QUOTED_INCLUDE_IN_FRAMEWORK_HEADER = YES;
				CLANG_WARN_RANGE_LOOP_ANALYSIS = YES;
				CLANG_WARN_STRICT_PROTOTYPES = YES;
				CLANG_WARN_SUSPICIOUS_MOVE = YES;
				CLANG_WARN_UNGUARDED_AVAILABILITY = YES_AGGRESSIVE;
				CLANG_WARN_UNREACHABLE_CODE = YES;
				CLANG_WARN__DUPLICATE_METHOD_MATCH = YES;
				COPY_PHASE_STRIP = NO;
				DEBUG_INFORMATION_FORMAT = dwarf;
				ENABLE_STRICT_OBJC_MSGSEND = YES;
				ENABLE_TESTABILITY = YES;
				GCC_C_LANGUAGE_STANDARD = gnu11;
				GCC_DYNAMIC_NO_PIC = NO;
				GCC_NO_COMMON_BLOCKS = YES;
				GCC_OPTIMIZATION_LEVEL = 0;
				GCC_PREPROCESSOR_DEFINITIONS = (
					"DEBUG=1",
					"$(inherited)",
				);
				GCC_WARN_64_TO_32_BIT_CONVERSION = YES;
				GCC_WARN_ABOUT_RETURN_TYPE = YES_ERROR;
				GCC_WARN_UNDECLARED_SELECTOR = YES;
				GCC_WARN_UNINITIALIZED_AUTOS = YES_AGGRESSIVE;
				GCC_WARN_UNUSED_FUNCTION = YES;
				GCC_WARN_UNUSED_VARIABLE = YES;
				IPHONEOS_DEPLOYMENT_TARGET = 16.0;
				MTL_ENABLE_DEBUG_INFO = INCLUDE_SOURCE;
				MTL_FAST_MATH = YES;
				ONLY_ACTIVE_ARCH = YES;
				SDKROOT = iphoneos;
				SWIFT_ACTIVE_COMPILATION_CONDITIONS = DEBUG;
				SWIFT_OPTIMIZATION_LEVEL = "-Onone";
			};
			name = Debug;
		};
		3CCAE8BA28D31DF900FE187A /* Release */ = {
			isa = XCBuildConfiguration;
			buildSettings = {
				ALWAYS_SEARCH_USER_PATHS = NO;
				CLANG_ANALYZER_NONNULL = YES;
				CLANG_ANALYZER_NUMBER_OBJECT_CONVERSION = YES_AGGRESSIVE;
				CLANG_CXX_LANGUAGE_STANDARD = "gnu++20";
				CLANG_ENABLE_MODULES = YES;
				CLANG_ENABLE_OBJC_ARC = YES;
				CLANG_ENABLE_OBJC_WEAK = YES;
				CLANG_WARN_BLOCK_CAPTURE_AUTORELEASING = YES;
				CLANG_WARN_BOOL_CONVERSION = YES;
				CLANG_WARN_COMMA = YES;
				CLANG_WARN_CONSTANT_CONVERSION = YES;
				CLANG_WARN_DEPRECATED_OBJC_IMPLEMENTATIONS = YES;
				CLANG_WARN_DIRECT_OBJC_ISA_USAGE = YES_ERROR;
				CLANG_WARN_DOCUMENTATION_COMMENTS = YES;
				CLANG_WARN_EMPTY_BODY = YES;
				CLANG_WARN_ENUM_CONVERSION = YES;
				CLANG_WARN_INFINITE_RECURSION = YES;
				CLANG_WARN_INT_CONVERSION = YES;
				CLANG_WARN_NON_LITERAL_NULL_CONVERSION = YES;
				CLANG_WARN_OBJC_IMPLICIT_RETAIN_SELF = YES;
				CLANG_WARN_OBJC_LITERAL_CONVERSION = YES;
				CLANG_WARN_OBJC_ROOT_CLASS = YES_ERROR;
				CLANG_WARN_QUOTED_INCLUDE_IN_FRAMEWORK_HEADER = YES;
				CLANG_WARN_RANGE_LOOP_ANALYSIS = YES;
				CLANG_WARN_STRICT_PROTOTYPES = YES;
				CLANG_WARN_SUSPICIOUS_MOVE = YES;
				CLANG_WARN_UNGUARDED_AVAILABILITY = YES_AGGRESSIVE;
				CLANG_WARN_UNREACHABLE_CODE = YES;
				CLANG_WARN__DUPLICATE_METHOD_MATCH = YES;
				COPY_PHASE_STRIP = NO;
				DEBUG_INFORMATION_FORMAT = "dwarf-with-dsym";
				ENABLE_NS_ASSERTIONS = NO;
				ENABLE_STRICT_OBJC_MSGSEND = YES;
				GCC_C_LANGUAGE_STANDARD = gnu11;
				GCC_NO_COMMON_BLOCKS = YES;
				GCC_WARN_64_TO_32_BIT_CONVERSION = YES;
				GCC_WARN_ABOUT_RETURN_TYPE = YES_ERROR;
				GCC_WARN_UNDECLARED_SELECTOR = YES;
				GCC_WARN_UNINITIALIZED_AUTOS = YES_AGGRESSIVE;
				GCC_WARN_UNUSED_FUNCTION = YES;
				GCC_WARN_UNUSED_VARIABLE = YES;
				IPHONEOS_DEPLOYMENT_TARGET = 16.0;
				MTL_ENABLE_DEBUG_INFO = NO;
				MTL_FAST_MATH = YES;
				SDKROOT = iphoneos;
				SWIFT_COMPILATION_MODE = wholemodule;
				SWIFT_OPTIMIZATION_LEVEL = "-O";
				VALIDATE_PRODUCT = YES;
			};
			name = Release;
		};
		3CCAE8BC28D31DF900FE187A /* Debug */ = {
			isa = XCBuildConfiguration;
			buildSettings = {
				ASSETCATALOG_COMPILER_APPICON_NAME = AppIcon;
				ASSETCATALOG_COMPILER_GLOBAL_ACCENT_COLOR_NAME = AccentColor;
				"CODE_SIGN_IDENTITY[sdk=iphoneos*]" = "iPhone Developer";
				CODE_SIGN_STYLE = Manual;
				CURRENT_PROJECT_VERSION = 1;
				DEVELOPMENT_TEAM = "";
				"DEVELOPMENT_TEAM[sdk=iphoneos*]" = 492U995837;
				GENERATE_INFOPLIST_FILE = YES;
				INFOPLIST_FILE = MetalGradientMeshSample/Info.plist;
				INFOPLIST_KEY_UIApplicationSupportsIndirectInputEvents = YES;
				INFOPLIST_KEY_UILaunchStoryboardName = LaunchScreen;
				INFOPLIST_KEY_UIMainStoryboardFile = Main;
				INFOPLIST_KEY_UISupportedInterfaceOrientations_iPad = "UIInterfaceOrientationPortrait UIInterfaceOrientationPortraitUpsideDown UIInterfaceOrientationLandscapeLeft UIInterfaceOrientationLandscapeRight";
				INFOPLIST_KEY_UISupportedInterfaceOrientations_iPhone = "UIInterfaceOrientationPortrait UIInterfaceOrientationLandscapeLeft UIInterfaceOrientationLandscapeRight";
				IPHONEOS_DEPLOYMENT_TARGET = 15.0;
				LD_RUNPATH_SEARCH_PATHS = (
					"$(inherited)",
					"@executable_path/Frameworks",
				);
				MARKETING_VERSION = 1.0;
				PRODUCT_BUNDLE_IDENTIFIER = com.taihe.MetalGradientMeshSample;
				PRODUCT_NAME = "$(TARGET_NAME)";
				PROVISIONING_PROFILE_SPECIFIER = "";
				"PROVISIONING_PROFILE_SPECIFIER[sdk=iphoneos*]" = "match Development com.taihe.*";
				SUPPORTED_PLATFORMS = "iphoneos iphonesimulator";
				SUPPORTS_MACCATALYST = NO;
				SUPPORTS_MAC_DESIGNED_FOR_IPHONE_IPAD = NO;
				SWIFT_EMIT_LOC_STRINGS = YES;
				SWIFT_VERSION = 5.0;
				TARGETED_DEVICE_FAMILY = "1,2";
			};
			name = Debug;
		};
		3CCAE8BD28D31DF900FE187A /* Release */ = {
			isa = XCBuildConfiguration;
			buildSettings = {
				ASSETCATALOG_COMPILER_APPICON_NAME = AppIcon;
				ASSETCATALOG_COMPILER_GLOBAL_ACCENT_COLOR_NAME = AccentColor;
				"CODE_SIGN_IDENTITY[sdk=iphoneos*]" = "iPhone Developer";
				CODE_SIGN_STYLE = Manual;
				CURRENT_PROJECT_VERSION = 1;
				DEVELOPMENT_TEAM = "";
				"DEVELOPMENT_TEAM[sdk=iphoneos*]" = 492U995837;
				GENERATE_INFOPLIST_FILE = YES;
				INFOPLIST_FILE = MetalGradientMeshSample/Info.plist;
				INFOPLIST_KEY_UIApplicationSupportsIndirectInputEvents = YES;
				INFOPLIST_KEY_UILaunchStoryboardName = LaunchScreen;
				INFOPLIST_KEY_UIMainStoryboardFile = Main;
				INFOPLIST_KEY_UISupportedInterfaceOrientations_iPad = "UIInterfaceOrientationPortrait UIInterfaceOrientationPortraitUpsideDown UIInterfaceOrientationLandscapeLeft UIInterfaceOrientationLandscapeRight";
				INFOPLIST_KEY_UISupportedInterfaceOrientations_iPhone = "UIInterfaceOrientationPortrait UIInterfaceOrientationLandscapeLeft UIInterfaceOrientationLandscapeRight";
				IPHONEOS_DEPLOYMENT_TARGET = 15.0;
				LD_RUNPATH_SEARCH_PATHS = (
					"$(inherited)",
					"@executable_path/Frameworks",
				);
				MARKETING_VERSION = 1.0;
				PRODUCT_BUNDLE_IDENTIFIER = com.taihe.MetalGradientMeshSample;
				PRODUCT_NAME = "$(TARGET_NAME)";
				PROVISIONING_PROFILE_SPECIFIER = "";
				"PROVISIONING_PROFILE_SPECIFIER[sdk=iphoneos*]" = "match Development com.taihe.*";
				SUPPORTED_PLATFORMS = "iphoneos iphonesimulator";
				SUPPORTS_MACCATALYST = NO;
				SUPPORTS_MAC_DESIGNED_FOR_IPHONE_IPAD = NO;
				SWIFT_EMIT_LOC_STRINGS = YES;
				SWIFT_VERSION = 5.0;
				TARGETED_DEVICE_FAMILY = "1,2";
			};
			name = Release;
		};
/* End XCBuildConfiguration section */

/* Begin XCConfigurationList section */
		3CCAE8A228D31DF600FE187A /* Build configuration list for PBXProject "MetalGradientMeshSample" */ = {
			isa = XCConfigurationList;
			buildConfigurations = (
				3CCAE8B928D31DF900FE187A /* Debug */,
				3CCAE8BA28D31DF900FE187A /* Release */,
			);
			defaultConfigurationIsVisible = 0;
			defaultConfigurationName = Release;
		};
		3CCAE8BB28D31DF900FE187A /* Build configuration list for PBXNativeTarget "MetalGradientMeshSample" */ = {
			isa = XCConfigurationList;
			buildConfigurations = (
				3CCAE8BC28D31DF900FE187A /* Debug */,
				3CCAE8BD28D31DF900FE187A /* Release */,
			);
			defaultConfigurationIsVisible = 0;
			defaultConfigurationName = Release;
		};
/* End XCConfigurationList section */
	};
	rootObject = 3CCAE89F28D31DF600FE187A /* Project object */;
}
